
Microsoft Visual Studio Solution File, Format Version 12.00
# Visual Studio Version 16
VisualStudioVersion = 16.0.29424.173
MinimumVisualStudioVersion = 10.0.40219.1
Project("{9A19103F-16F7-4668-BE54-9A1E7A4F7556}") = "RedisBenchmarkDotNet", "src\RedisBenchmarkDotNet\RedisBenchmarkDotNet.csproj", "{2ED61BAF-516F-4BE3-AF43-661236EFFD13}"
EndProject
Project("{2150E333-8FDC-42A3-9474-1A3956D46DE8}") = "Solution Items", "Solution Items", "{9E9C8456-7E03-4329-9670-519C832F0C1E}"
	ProjectSection(SolutionItems) = preProject
		README.md = README.md
	EndProjectSection
EndProject
Global
	GlobalSection(SolutionConfigurationPlatforms) = preSolution
		Debug|Any CPU = Debug|Any CPU
		Release|Any CPU = Release|Any CPU
	EndGlobalSection
	GlobalSection(ProjectConfigurationPlatforms) = postSolution
		{2ED61BAF-516F-4BE3-AF43-661236EFFD13}.Debug|Any CPU.ActiveCfg = Debug|Any CPU
		{2ED61BAF-516F-4BE3-AF43-661236EFFD13}.Debug|Any CPU.Build.0 = Debug|Any CPU
		{2ED61BAF-516F-4BE3-AF43-661236EFFD13}.Release|Any CPU.ActiveCfg = Release|Any CPU
		{2ED61BAF-516F-4BE3-AF43-661236EFFD13}.Release|Any CPU.Build.0 = Release|Any CPU
	EndGlobalSection
	GlobalSection(SolutionProperties) = preSolution
		HideSolutionNode = FALSE
	EndGlobalSection
	GlobalSection(ExtensibilityGlobals) = postSolution
		SolutionGuid = {4390DC48-0B13-4B74-ACAE-254759B486FE}
	EndGlobalSection
EndGlobal
